
Microsoft Visual Studio Solution File, Format Version 12.00
# Visual Studio Version 16
VisualStudioVersion = 16.0.29709.97
MinimumVisualStudioVersion = 10.0.40219.1
Project("{FAE04EC0-301F-11D3-BF4B-00C04F79EFBC}") = "OutlookToGoogle", "OutlookToGoogle\OutlookToGoogle.csproj", "{BEFE82DA-71BC-4BC0-93C4-6E6C9A6AA385}"
EndProject
Global
	GlobalSection(SolutionConfigurationPlatforms) = preSolution
		Debug|Any CPU = Debug|Any CPU
		Release|Any CPU = Release|Any CPU
	EndGlobalSection
	GlobalSection(ProjectConfigurationPlatforms) = postSolution
		{BEFE82DA-71BC-4BC0-93C4-6E6C9A6AA385}.Debug|Any CPU.ActiveCfg = Debug|Any CPU
		{BEFE82DA-71BC-4BC0-93C4-6E6C9A6AA385}.Debug|Any CPU.Build.0 = Debug|Any CPU
		{BEFE82DA-71BC-4BC0-93C4-6E6C9A6AA385}.Release|Any CPU.ActiveCfg = Release|Any CPU
		{BEFE82DA-71BC-4BC0-93C4-6E6C9A6AA385}.Release|Any CPU.Build.0 = Release|Any CPU
	EndGlobalSection
	GlobalSection(SolutionProperties) = preSolution
		HideSolutionNode = FALSE
	EndGlobalSection
	GlobalSection(ExtensibilityGlobals) = postSolution
		SolutionGuid = {1AD44E0E-D2F4-4D51-8F5B-C298170BBBD8}
	EndGlobalSection
EndGlobal
